// !$*UTF8*$!
{
	archiveVersion = 1;
	classes = {
	};
	objectVersion = 50;
	objects = {

/* Begin PBXBuildFile section */
		171A2DEF224DD54000B3D556 /* MultiPeer.swift in Sources */ = {isa = PBXBuildFile; fileRef = 171A2DEE224DD54000B3D556 /* MultiPeer.swift */; };
		171A2DF1224DDFED00B3D556 /* MultiPeerDelegate.swift in Sources */ = {isa = PBXBuildFile; fileRef = 171A2DF0224DDFED00B3D556 /* MultiPeerDelegate.swift */; };
		171A2DF5224DF3E100B3D556 /* MessageHelper.swift in Sources */ = {isa = PBXBuildFile; fileRef = 171A2DF4224DF3E100B3D556 /* MessageHelper.swift */; };
		171A2DF8224E091400B3D556 /* SendToRemoteCode.swift in Sources */ = {isa = PBXBuildFile; fileRef = 171A2DF7224E091400B3D556 /* SendToRemoteCode.swift */; };
		171A2DFC224E0AC600B3D556 /* MainProtocol.swift in Sources */ = {isa = PBXBuildFile; fileRef = 171A2DFB224E0AC600B3D556 /* MainProtocol.swift */; };
		171A2DFF224E39BC00B3D556 /* ClientTestUI.storyboard in Resources */ = {isa = PBXBuildFile; fileRef = 171A2DFE224E39BC00B3D556 /* ClientTestUI.storyboard */; };
		171A2E01224E40A700B3D556 /* ClientTestUICode.swift in Sources */ = {isa = PBXBuildFile; fileRef = 171A2E00224E40A700B3D556 /* ClientTestUICode.swift */; };
		1734ABE422487F80007059F3 /* AppDelegate.swift in Sources */ = {isa = PBXBuildFile; fileRef = 1734ABE322487F80007059F3 /* AppDelegate.swift */; };
		1734ABE922487F80007059F3 /* Main.storyboard in Resources */ = {isa = PBXBuildFile; fileRef = 1734ABE722487F80007059F3 /* Main.storyboard */; };
		1734ABEB22487F81007059F3 /* Assets.xcassets in Resources */ = {isa = PBXBuildFile; fileRef = 1734ABEA22487F81007059F3 /* Assets.xcassets */; };
		1734ABEE22487F81007059F3 /* LaunchScreen.storyboard in Resources */ = {isa = PBXBuildFile; fileRef = 1734ABEC22487F81007059F3 /* LaunchScreen.storyboard */; };
		1734ABF6224883D3007059F3 /* MainController.swift in Sources */ = {isa = PBXBuildFile; fileRef = 1734ABF5224883D3007059F3 /* MainController.swift */; };
		1734ABF82248862A007059F3 /* LogItem.swift in Sources */ = {isa = PBXBuildFile; fileRef = 1734ABF72248862A007059F3 /* LogItem.swift */; };
		1734ABFA2248889C007059F3 /* IDTableCell.swift in Sources */ = {isa = PBXBuildFile; fileRef = 1734ABF92248889C007059F3 /* IDTableCell.swift */; };
		1734ABFE22488DCB007059F3 /* LogTableCell.swift in Sources */ = {isa = PBXBuildFile; fileRef = 1734ABFD22488DCB007059F3 /* LogTableCell.swift */; };
		1734AC022248CDB6007059F3 /* SendToRemote.storyboard in Resources */ = {isa = PBXBuildFile; fileRef = 1734AC012248CDB6007059F3 /* SendToRemote.storyboard */; };
		177FAB24224A222400379A4C /* Comm.swift in Sources */ = {isa = PBXBuildFile; fileRef = 177FAB23224A222400379A4C /* Comm.swift */; };
		177FAB26224A250C00379A4C /* CommDelegate.swift in Sources */ = {isa = PBXBuildFile; fileRef = 177FAB25224A250C00379A4C /* CommDelegate.swift */; };
		177FAB28224A468A00379A4C /* CommandParser.swift in Sources */ = {isa = PBXBuildFile; fileRef = 177FAB27224A468A00379A4C /* CommandParser.swift */; };
		177FAB2B224A46CB00379A4C /* CommandObject.swift in Sources */ = {isa = PBXBuildFile; fileRef = 177FAB2A224A46CB00379A4C /* CommandObject.swift */; };
		177FAB2D224A46EA00379A4C /* CommandProtocol.swift in Sources */ = {isa = PBXBuildFile; fileRef = 177FAB2C224A46EA00379A4C /* CommandProtocol.swift */; };
		177FAB2F224A47E000379A4C /* Command.swift in Sources */ = {isa = PBXBuildFile; fileRef = 177FAB2E224A47E000379A4C /* Command.swift */; };
		177FAB32224A4A9A00379A4C /* Command_NOP.swift in Sources */ = {isa = PBXBuildFile; fileRef = 177FAB31224A4A9A00379A4C /* Command_NOP.swift */; };
		177FAB34224A4B2700379A4C /* CommandObjectProtocol.swift in Sources */ = {isa = PBXBuildFile; fileRef = 177FAB33224A4B2700379A4C /* CommandObjectProtocol.swift */; };
		177FAB36224A58A400379A4C /* Command_AddToID.swift in Sources */ = {isa = PBXBuildFile; fileRef = 177FAB35224A58A400379A4C /* Command_AddToID.swift */; };
		177FAB38224A592100379A4C /* Command_DisableIdiotLight.swift in Sources */ = {isa = PBXBuildFile; fileRef = 177FAB37224A592100379A4C /* Command_DisableIdiotLight.swift */; };
		177FAB3A224A598C00379A4C /* Command_SetIdiotLight.swift in Sources */ = {isa = PBXBuildFile; fileRef = 177FAB39224A598C00379A4C /* Command_SetIdiotLight.swift */; };
		178C04E6224F396E00D724FE /* UIColorExtensions.swift in Sources */ = {isa = PBXBuildFile; fileRef = 178C04E5224F396E00D724FE /* UIColorExtensions.swift */; };
		179B8FD322509D4E0012C913 /* KVPItem.swift in Sources */ = {isa = PBXBuildFile; fileRef = 179B8FD222509D4E0012C913 /* KVPItem.swift */; };
		17EF4151224B2D890008EB83 /* ManualConnect.storyboard in Resources */ = {isa = PBXBuildFile; fileRef = 17EF4150224B2D890008EB83 /* ManualConnect.storyboard */; };
		17EF4153224B2E490008EB83 /* ManualConnectCode.swift in Sources */ = {isa = PBXBuildFile; fileRef = 17EF4152224B2E490008EB83 /* ManualConnectCode.swift */; };
		17EF4155224B2FF10008EB83 /* ManualConnectProtocol.swift in Sources */ = {isa = PBXBuildFile; fileRef = 17EF4154224B2FF10008EB83 /* ManualConnectProtocol.swift */; };
		17EF4158224B71F50008EB83 /* LogItemViewer.storyboard in Resources */ = {isa = PBXBuildFile; fileRef = 17EF4157224B71F50008EB83 /* LogItemViewer.storyboard */; };
		17EF415A224B8BFC0008EB83 /* LogItemViewerCode.swift in Sources */ = {isa = PBXBuildFile; fileRef = 17EF4159224B8BFC0008EB83 /* LogItemViewerCode.swift */; };
		17EF415C224B8D380008EB83 /* LogItemProtocol.swift in Sources */ = {isa = PBXBuildFile; fileRef = 17EF415B224B8D370008EB83 /* LogItemProtocol.swift */; };
		17EF415F224B97AD0008EB83 /* CommStatic.swift in Sources */ = {isa = PBXBuildFile; fileRef = 17EF415E224B97AD0008EB83 /* CommStatic.swift */; };
		17EF4161224BAE440008EB83 /* Versioning.swift in Sources */ = {isa = PBXBuildFile; fileRef = 17EF4160224BAE440008EB83 /* Versioning.swift */; };
/* End PBXBuildFile section */

/* Begin PBXFileReference section */
		171A2DEE224DD54000B3D556 /* MultiPeer.swift */ = {isa = PBXFileReference; lastKnownFileType = sourcecode.swift; path = MultiPeer.swift; sourceTree = "<group>"; };
		171A2DF0224DDFED00B3D556 /* MultiPeerDelegate.swift */ = {isa = PBXFileReference; lastKnownFileType = sourcecode.swift; path = MultiPeerDelegate.swift; sourceTree = "<group>"; };
		171A2DF4224DF3E100B3D556 /* MessageHelper.swift */ = {isa = PBXFileReference; lastKnownFileType = sourcecode.swift; path = MessageHelper.swift; sourceTree = "<group>"; };
		171A2DF7224E091400B3D556 /* SendToRemoteCode.swift */ = {isa = PBXFileReference; lastKnownFileType = sourcecode.swift; path = SendToRemoteCode.swift; sourceTree = "<group>"; };
		171A2DFB224E0AC600B3D556 /* MainProtocol.swift */ = {isa = PBXFileReference; lastKnownFileType = sourcecode.swift; path = MainProtocol.swift; sourceTree = "<group>"; };
		171A2DFE224E39BC00B3D556 /* ClientTestUI.storyboard */ = {isa = PBXFileReference; lastKnownFileType = file.storyboard; path = ClientTestUI.storyboard; sourceTree = "<group>"; };
		171A2E00224E40A700B3D556 /* ClientTestUICode.swift */ = {isa = PBXFileReference; lastKnownFileType = sourcecode.swift; path = ClientTestUICode.swift; sourceTree = "<group>"; };
		1734ABE022487F80007059F3 /* TDebug.app */ = {isa = PBXFileReference; explicitFileType = wrapper.application; includeInIndex = 0; path = TDebug.app; sourceTree = BUILT_PRODUCTS_DIR; };
		1734ABE322487F80007059F3 /* AppDelegate.swift */ = {isa = PBXFileReference; lastKnownFileType = sourcecode.swift; path = AppDelegate.swift; sourceTree = "<group>"; };
		1734ABE822487F80007059F3 /* Base */ = {isa = PBXFileReference; lastKnownFileType = file.storyboard; name = Base; path = Base.lproj/Main.storyboard; sourceTree = "<group>"; };
		1734ABEA22487F81007059F3 /* Assets.xcassets */ = {isa = PBXFileReference; lastKnownFileType = folder.assetcatalog; path = Assets.xcassets; sourceTree = "<group>"; };
		1734ABED22487F81007059F3 /* Base */ = {isa = PBXFileReference; lastKnownFileType = file.storyboard; name = Base; path = Base.lproj/LaunchScreen.storyboard; sourceTree = "<group>"; };
		1734ABEF22487F81007059F3 /* Info.plist */ = {isa = PBXFileReference; lastKnownFileType = text.plist.xml; path = Info.plist; sourceTree = "<group>"; };
		1734ABF5224883D3007059F3 /* MainController.swift */ = {isa = PBXFileReference; lastKnownFileType = sourcecode.swift; path = MainController.swift; sourceTree = "<group>"; };
		1734ABF72248862A007059F3 /* LogItem.swift */ = {isa = PBXFileReference; lastKnownFileType = sourcecode.swift; path = LogItem.swift; sourceTree = "<group>"; };
		1734ABF92248889C007059F3 /* IDTableCell.swift */ = {isa = PBXFileReference; lastKnownFileType = sourcecode.swift; path = IDTableCell.swift; sourceTree = "<group>"; };
		1734ABFD22488DCB007059F3 /* LogTableCell.swift */ = {isa = PBXFileReference; lastKnownFileType = sourcecode.swift; path = LogTableCell.swift; sourceTree = "<group>"; };
		1734AC012248CDB6007059F3 /* SendToRemote.storyboard */ = {isa = PBXFileReference; lastKnownFileType = file.storyboard; path = SendToRemote.storyboard; sourceTree = "<group>"; };
		177FAB23224A222400379A4C /* Comm.swift */ = {isa = PBXFileReference; lastKnownFileType = sourcecode.swift; path = Comm.swift; sourceTree = "<group>"; };
		177FAB25224A250C00379A4C /* CommDelegate.swift */ = {isa = PBXFileReference; lastKnownFileType = sourcecode.swift; path = CommDelegate.swift; sourceTree = "<group>"; };
		177FAB27224A468A00379A4C /* CommandParser.swift */ = {isa = PBXFileReference; lastKnownFileType = sourcecode.swift; path = CommandParser.swift; sourceTree = "<group>"; };
		177FAB2A224A46CB00379A4C /* CommandObject.swift */ = {isa = PBXFileReference; lastKnownFileType = sourcecode.swift; path = CommandObject.swift; sourceTree = "<group>"; };
		177FAB2C224A46EA00379A4C /* CommandProtocol.swift */ = {isa = PBXFileReference; lastKnownFileType = sourcecode.swift; path = CommandProtocol.swift; sourceTree = "<group>"; };
		177FAB2E224A47E000379A4C /* Command.swift */ = {isa = PBXFileReference; lastKnownFileType = sourcecode.swift; path = Command.swift; sourceTree = "<group>"; };
		177FAB31224A4A9A00379A4C /* Command_NOP.swift */ = {isa = PBXFileReference; lastKnownFileType = sourcecode.swift; path = Command_NOP.swift; sourceTree = "<group>"; };
		177FAB33224A4B2700379A4C /* CommandObjectProtocol.swift */ = {isa = PBXFileReference; lastKnownFileType = sourcecode.swift; path = CommandObjectProtocol.swift; sourceTree = "<group>"; };
		177FAB35224A58A400379A4C /* Command_AddToID.swift */ = {isa = PBXFileReference; lastKnownFileType = sourcecode.swift; path = Command_AddToID.swift; sourceTree = "<group>"; };
		177FAB37224A592100379A4C /* Command_DisableIdiotLight.swift */ = {isa = PBXFileReference; lastKnownFileType = sourcecode.swift; path = Command_DisableIdiotLight.swift; sourceTree = "<group>"; };
		177FAB39224A598C00379A4C /* Command_SetIdiotLight.swift */ = {isa = PBXFileReference; lastKnownFileType = sourcecode.swift; path = Command_SetIdiotLight.swift; sourceTree = "<group>"; };
		178C04E5224F396E00D724FE /* UIColorExtensions.swift */ = {isa = PBXFileReference; lastKnownFileType = sourcecode.swift; path = UIColorExtensions.swift; sourceTree = "<group>"; };
		179B8FD222509D4E0012C913 /* KVPItem.swift */ = {isa = PBXFileReference; lastKnownFileType = sourcecode.swift; path = KVPItem.swift; sourceTree = "<group>"; };
		17EF4150224B2D890008EB83 /* ManualConnect.storyboard */ = {isa = PBXFileReference; lastKnownFileType = file.storyboard; path = ManualConnect.storyboard; sourceTree = "<group>"; };
		17EF4152224B2E490008EB83 /* ManualConnectCode.swift */ = {isa = PBXFileReference; lastKnownFileType = sourcecode.swift; path = ManualConnectCode.swift; sourceTree = "<group>"; };
		17EF4154224B2FF10008EB83 /* ManualConnectProtocol.swift */ = {isa = PBXFileReference; lastKnownFileType = sourcecode.swift; path = ManualConnectProtocol.swift; sourceTree = "<group>"; };
		17EF4157224B71F50008EB83 /* LogItemViewer.storyboard */ = {isa = PBXFileReference; lastKnownFileType = file.storyboard; path = LogItemViewer.storyboard; sourceTree = "<group>"; };
		17EF4159224B8BFC0008EB83 /* LogItemViewerCode.swift */ = {isa = PBXFileReference; lastKnownFileType = sourcecode.swift; path = LogItemViewerCode.swift; sourceTree = "<group>"; };
		17EF415B224B8D370008EB83 /* LogItemProtocol.swift */ = {isa = PBXFileReference; lastKnownFileType = sourcecode.swift; path = LogItemProtocol.swift; sourceTree = "<group>"; };
		17EF415E224B97AD0008EB83 /* CommStatic.swift */ = {isa = PBXFileReference; lastKnownFileType = sourcecode.swift; path = CommStatic.swift; sourceTree = "<group>"; };
		17EF4160224BAE440008EB83 /* Versioning.swift */ = {isa = PBXFileReference; lastKnownFileType = sourcecode.swift; path = Versioning.swift; sourceTree = "<group>"; };
/* End PBXFileReference section */

/* Begin PBXFrameworksBuildPhase section */
		1734ABDD22487F80007059F3 /* Frameworks */ = {
			isa = PBXFrameworksBuildPhase;
			buildActionMask = 2147483647;
			files = (
			);
			runOnlyForDeploymentPostprocessing = 0;
		};
/* End PBXFrameworksBuildPhase section */

/* Begin PBXGroup section */
		171A2DED224DD52600B3D556 /* Multi-Peer */ = {
			isa = PBXGroup;
			children = (
				171A2DEE224DD54000B3D556 /* MultiPeer.swift */,
				171A2DF0224DDFED00B3D556 /* MultiPeerDelegate.swift */,
				171A2DF4224DF3E100B3D556 /* MessageHelper.swift */,
			);
			path = "Multi-Peer";
			sourceTree = "<group>";
		};
		171A2DF6224E08F800B3D556 /* SendTo */ = {
			isa = PBXGroup;
			children = (
				1734AC012248CDB6007059F3 /* SendToRemote.storyboard */,
				171A2DF7224E091400B3D556 /* SendToRemoteCode.swift */,
			);
			path = SendTo;
			sourceTree = "<group>";
		};
		171A2DFD224E39A200B3D556 /* ClientTest */ = {
			isa = PBXGroup;
			children = (
				171A2DFE224E39BC00B3D556 /* ClientTestUI.storyboard */,
				171A2E00224E40A700B3D556 /* ClientTestUICode.swift */,
			);
			path = ClientTest;
			sourceTree = "<group>";
		};
		1734ABD722487F80007059F3 = {
			isa = PBXGroup;
			children = (
				1734ABE222487F80007059F3 /* TDebug */,
				1734ABE122487F80007059F3 /* Products */,
			);
			sourceTree = "<group>";
		};
		1734ABE122487F80007059F3 /* Products */ = {
			isa = PBXGroup;
			children = (
				1734ABE022487F80007059F3 /* TDebug.app */,
			);
			name = Products;
			sourceTree = "<group>";
		};
		1734ABE222487F80007059F3 /* TDebug */ = {
			isa = PBXGroup;
			children = (
				1734ABEA22487F81007059F3 /* Assets.xcassets */,
				1734ABEF22487F81007059F3 /* Info.plist */,
				1734ABE322487F80007059F3 /* AppDelegate.swift */,
				1734ABE722487F80007059F3 /* Main.storyboard */,
				1734ABF5224883D3007059F3 /* MainController.swift */,
				1734ABF92248889C007059F3 /* IDTableCell.swift */,
				1734ABEC22487F81007059F3 /* LaunchScreen.storyboard */,
				179B8FD222509D4E0012C913 /* KVPItem.swift */,
				17EF4160224BAE440008EB83 /* Versioning.swift */,
				171A2DFD224E39A200B3D556 /* ClientTest */,
				171A2DF6224E08F800B3D556 /* SendTo */,
				171A2DED224DD52600B3D556 /* Multi-Peer */,
				178348F0224C8B250074D7BA /* ManualConnect */,
				17EF415D224B8FC20008EB83 /* LogDisplay */,
				17EF4156224B64860008EB83 /* Communications */,
				178C04E4224F395900D724FE /* Extensions */,
				177FAB29224A46B500379A4C /* Commands */,
				171A2DFB224E0AC600B3D556 /* MainProtocol.swift */,
			);
			path = TDebug;
			sourceTree = "<group>";
		};
		177FAB29224A46B500379A4C /* Commands */ = {
			isa = PBXGroup;
			children = (
				177FAB30224A4A8600379A4C /* Commands */,
				177FAB27224A468A00379A4C /* CommandParser.swift */,
				177FAB2A224A46CB00379A4C /* CommandObject.swift */,
				177FAB2C224A46EA00379A4C /* CommandProtocol.swift */,
				177FAB2E224A47E000379A4C /* Command.swift */,
				177FAB33224A4B2700379A4C /* CommandObjectProtocol.swift */,
			);
			path = Commands;
			sourceTree = "<group>";
		};
		177FAB30224A4A8600379A4C /* Commands */ = {
			isa = PBXGroup;
			children = (
				177FAB31224A4A9A00379A4C /* Command_NOP.swift */,
				177FAB35224A58A400379A4C /* Command_AddToID.swift */,
				177FAB37224A592100379A4C /* Command_DisableIdiotLight.swift */,
				177FAB39224A598C00379A4C /* Command_SetIdiotLight.swift */,
			);
			path = Commands;
			sourceTree = "<group>";
		};
		178348F0224C8B250074D7BA /* ManualConnect */ = {
			isa = PBXGroup;
			children = (
				17EF4154224B2FF10008EB83 /* ManualConnectProtocol.swift */,
				17EF4150224B2D890008EB83 /* ManualConnect.storyboard */,
				17EF4152224B2E490008EB83 /* ManualConnectCode.swift */,
			);
			path = ManualConnect;
			sourceTree = "<group>";
		};
		178C04E4224F395900D724FE /* Extensions */ = {
			isa = PBXGroup;
			children = (
				178C04E5224F396E00D724FE /* UIColorExtensions.swift */,
			);
			path = Extensions;
			sourceTree = "<group>";
		};
		17EF4156224B64860008EB83 /* Communications */ = {
			isa = PBXGroup;
			children = (
				177FAB25224A250C00379A4C /* CommDelegate.swift */,
				177FAB23224A222400379A4C /* Comm.swift */,
				17EF415E224B97AD0008EB83 /* CommStatic.swift */,
			);
			path = Communications;
			sourceTree = "<group>";
		};
		17EF415D224B8FC20008EB83 /* LogDisplay */ = {
			isa = PBXGroup;
			children = (
				1734ABF72248862A007059F3 /* LogItem.swift */,
				1734ABFD22488DCB007059F3 /* LogTableCell.swift */,
				17EF4159224B8BFC0008EB83 /* LogItemViewerCode.swift */,
				17EF415B224B8D370008EB83 /* LogItemProtocol.swift */,
				17EF4157224B71F50008EB83 /* LogItemViewer.storyboard */,
			);
			path = LogDisplay;
			sourceTree = "<group>";
		};
/* End PBXGroup section */

/* Begin PBXNativeTarget section */
		1734ABDF22487F80007059F3 /* TDebug */ = {
			isa = PBXNativeTarget;
			buildConfigurationList = 1734ABF222487F81007059F3 /* Build configuration list for PBXNativeTarget "TDebug" */;
			buildPhases = (
				1734ABDC22487F80007059F3 /* Sources */,
				1734ABDD22487F80007059F3 /* Frameworks */,
				1734ABDE22487F80007059F3 /* Resources */,
				17EF4162224BAFD90008EB83 /* ShellScript */,
			);
			buildRules = (
			);
			dependencies = (
			);
			name = TDebug;
			productName = TDebug;
			productReference = 1734ABE022487F80007059F3 /* TDebug.app */;
			productType = "com.apple.product-type.application";
		};
/* End PBXNativeTarget section */

/* Begin PBXProject section */
		1734ABD822487F80007059F3 /* Project object */ = {
			isa = PBXProject;
			attributes = {
				LastSwiftUpdateCheck = 1020;
				LastUpgradeCheck = 1020;
				ORGANIZATIONNAME = "Stuart Rankin";
				TargetAttributes = {
					1734ABDF22487F80007059F3 = {
						CreatedOnToolsVersion = 10.2;
					};
				};
			};
			buildConfigurationList = 1734ABDB22487F80007059F3 /* Build configuration list for PBXProject "TDebug" */;
			compatibilityVersion = "Xcode 9.3";
			developmentRegion = en;
			hasScannedForEncodings = 0;
			knownRegions = (
				en,
				Base,
			);
			mainGroup = 1734ABD722487F80007059F3;
			productRefGroup = 1734ABE122487F80007059F3 /* Products */;
			projectDirPath = "";
			projectRoot = "";
			targets = (
				1734ABDF22487F80007059F3 /* TDebug */,
			);
		};
/* End PBXProject section */

/* Begin PBXResourcesBuildPhase section */
		1734ABDE22487F80007059F3 /* Resources */ = {
			isa = PBXResourcesBuildPhase;
			buildActionMask = 2147483647;
			files = (
				171A2DFF224E39BC00B3D556 /* ClientTestUI.storyboard in Resources */,
				1734ABEE22487F81007059F3 /* LaunchScreen.storyboard in Resources */,
				1734ABEB22487F81007059F3 /* Assets.xcassets in Resources */,
				17EF4158224B71F50008EB83 /* LogItemViewer.storyboard in Resources */,
				1734ABE922487F80007059F3 /* Main.storyboard in Resources */,
				17EF4151224B2D890008EB83 /* ManualConnect.storyboard in Resources */,
				1734AC022248CDB6007059F3 /* SendToRemote.storyboard in Resources */,
			);
			runOnlyForDeploymentPostprocessing = 0;
		};
/* End PBXResourcesBuildPhase section */

/* Begin PBXShellScriptBuildPhase section */
		17EF4162224BAFD90008EB83 /* ShellScript */ = {
			isa = PBXShellScriptBuildPhase;
			buildActionMask = 2147483647;
			files = (
			);
			inputFileListPaths = (
			);
			inputPaths = (
			);
			outputFileListPaths = (
			);
			outputPaths = (
			);
			runOnlyForDeploymentPostprocessing = 0;
			shellPath = /bin/sh;
			shellScript = "/Users/Stuart/Documents/GitHub/TDebug/TDebug/VersionUpdater/VersionUpdater /Users/Stuart/Documents/GitHub/TDebug/TDebug/Versioning.swift\n";
		};
/* End PBXShellScriptBuildPhase section */

/* Begin PBXSourcesBuildPhase section */
		1734ABDC22487F80007059F3 /* Sources */ = {
			isa = PBXSourcesBuildPhase;
			buildActionMask = 2147483647;
			files = (
				177FAB2B224A46CB00379A4C /* CommandObject.swift in Sources */,
				1734ABF82248862A007059F3 /* LogItem.swift in Sources */,
				17EF4155224B2FF10008EB83 /* ManualConnectProtocol.swift in Sources */,
				171A2DF5224DF3E100B3D556 /* MessageHelper.swift in Sources */,
				171A2DF1224DDFED00B3D556 /* MultiPeerDelegate.swift in Sources */,
				177FAB3A224A598C00379A4C /* Command_SetIdiotLight.swift in Sources */,
				177FAB2D224A46EA00379A4C /* CommandProtocol.swift in Sources */,
				1734ABF6224883D3007059F3 /* MainController.swift in Sources */,
				177FAB34224A4B2700379A4C /* CommandObjectProtocol.swift in Sources */,
				178C04E6224F396E00D724FE /* UIColorExtensions.swift in Sources */,
				171A2DF8224E091400B3D556 /* SendToRemoteCode.swift in Sources */,
				17EF4153224B2E490008EB83 /* ManualConnectCode.swift in Sources */,
				171A2E01224E40A700B3D556 /* ClientTestUICode.swift in Sources */,
				1734ABE422487F80007059F3 /* AppDelegate.swift in Sources */,
				179B8FD322509D4E0012C913 /* KVPItem.swift in Sources */,
				177FAB28224A468A00379A4C /* CommandParser.swift in Sources */,
				177FAB26224A250C00379A4C /* CommDelegate.swift in Sources */,
				17EF415A224B8BFC0008EB83 /* LogItemViewerCode.swift in Sources */,
				17EF415C224B8D380008EB83 /* LogItemProtocol.swift in Sources */,
				1734ABFA2248889C007059F3 /* IDTableCell.swift in Sources */,
				177FAB24224A222400379A4C /* Comm.swift in Sources */,
				177FAB32224A4A9A00379A4C /* Command_NOP.swift in Sources */,
				171A2DEF224DD54000B3D556 /* MultiPeer.swift in Sources */,
				17EF415F224B97AD0008EB83 /* CommStatic.swift in Sources */,
				177FAB36224A58A400379A4C /* Command_AddToID.swift in Sources */,
				177FAB38224A592100379A4C /* Command_DisableIdiotLight.swift in Sources */,
				171A2DFC224E0AC600B3D556 /* MainProtocol.swift in Sources */,
				1734ABFE22488DCB007059F3 /* LogTableCell.swift in Sources */,
				177FAB2F224A47E000379A4C /* Command.swift in Sources */,
				17EF4161224BAE440008EB83 /* Versioning.swift in Sources */,
			);
			runOnlyForDeploymentPostprocessing = 0;
		};
/* End PBXSourcesBuildPhase section */

/* Begin PBXVariantGroup section */
		1734ABE722487F80007059F3 /* Main.storyboard */ = {
			isa = PBXVariantGroup;
			children = (
				1734ABE822487F80007059F3 /* Base */,
			);
			name = Main.storyboard;
			sourceTree = "<group>";
		};
		1734ABEC22487F81007059F3 /* LaunchScreen.storyboard */ = {
			isa = PBXVariantGroup;
			children = (
				1734ABED22487F81007059F3 /* Base */,
			);
			name = LaunchScreen.storyboard;
			sourceTree = "<group>";
		};
/* End PBXVariantGroup section */

/* Begin XCBuildConfiguration section */
		1734ABF022487F81007059F3 /* Debug */ = {
			isa = XCBuildConfiguration;
			buildSettings = {
				ALWAYS_SEARCH_USER_PATHS = NO;
				CLANG_ANALYZER_NONNULL = YES;
				CLANG_ANALYZER_NUMBER_OBJECT_CONVERSION = YES_AGGRESSIVE;
				CLANG_CXX_LANGUAGE_STANDARD = "gnu++14";
				CLANG_CXX_LIBRARY = "libc++";
				CLANG_ENABLE_MODULES = YES;
				CLANG_ENABLE_OBJC_ARC = YES;
				CLANG_ENABLE_OBJC_WEAK = YES;
				CLANG_WARN_BLOCK_CAPTURE_AUTORELEASING = YES;
				CLANG_WARN_BOOL_CONVERSION = YES;
				CLANG_WARN_COMMA = YES;
				CLANG_WARN_CONSTANT_CONVERSION = YES;
				CLANG_WARN_DEPRECATED_OBJC_IMPLEMENTATIONS = YES;
				CLANG_WARN_DIRECT_OBJC_ISA_USAGE = YES_ERROR;
				CLANG_WARN_DOCUMENTATION_COMMENTS = YES;
				CLANG_WARN_EMPTY_BODY = YES;
				CLANG_WARN_ENUM_CONVERSION = YES;
				CLANG_WARN_INFINITE_RECURSION = YES;
				CLANG_WARN_INT_CONVERSION = YES;
				CLANG_WARN_NON_LITERAL_NULL_CONVERSION = YES;
				CLANG_WARN_OBJC_IMPLICIT_RETAIN_SELF = YES;
				CLANG_WARN_OBJC_LITERAL_CONVERSION = YES;
				CLANG_WARN_OBJC_ROOT_CLASS = YES_ERROR;
				CLANG_WARN_RANGE_LOOP_ANALYSIS = YES;
				CLANG_WARN_STRICT_PROTOTYPES = YES;
				CLANG_WARN_SUSPICIOUS_MOVE = YES;
				CLANG_WARN_UNGUARDED_AVAILABILITY = YES_AGGRESSIVE;
				CLANG_WARN_UNREACHABLE_CODE = YES;
				CLANG_WARN__DUPLICATE_METHOD_MATCH = YES;
				CODE_SIGN_IDENTITY = "iPhone Developer";
				COPY_PHASE_STRIP = NO;
				DEBUG_INFORMATION_FORMAT = dwarf;
				ENABLE_STRICT_OBJC_MSGSEND = YES;
				ENABLE_TESTABILITY = YES;
				GCC_C_LANGUAGE_STANDARD = gnu11;
				GCC_DYNAMIC_NO_PIC = NO;
				GCC_NO_COMMON_BLOCKS = YES;
				GCC_OPTIMIZATION_LEVEL = 0;
				GCC_PREPROCESSOR_DEFINITIONS = (
					"DEBUG=1",
					"$(inherited)",
				);
				GCC_WARN_64_TO_32_BIT_CONVERSION = YES;
				GCC_WARN_ABOUT_RETURN_TYPE = YES_ERROR;
				GCC_WARN_UNDECLARED_SELECTOR = YES;
				GCC_WARN_UNINITIALIZED_AUTOS = YES_AGGRESSIVE;
				GCC_WARN_UNUSED_FUNCTION = YES;
				GCC_WARN_UNUSED_VARIABLE = YES;
				IPHONEOS_DEPLOYMENT_TARGET = 12.2;
				MTL_ENABLE_DEBUG_INFO = INCLUDE_SOURCE;
				MTL_FAST_MATH = YES;
				ONLY_ACTIVE_ARCH = YES;
				SDKROOT = iphoneos;
				SWIFT_ACTIVE_COMPILATION_CONDITIONS = DEBUG;
				SWIFT_OPTIMIZATION_LEVEL = "-Onone";
			};
			name = Debug;
		};
		1734ABF122487F81007059F3 /* Release */ = {
			isa = XCBuildConfiguration;
			buildSettings = {
				ALWAYS_SEARCH_USER_PATHS = NO;
				CLANG_ANALYZER_NONNULL = YES;
				CLANG_ANALYZER_NUMBER_OBJECT_CONVERSION = YES_AGGRESSIVE;
				CLANG_CXX_LANGUAGE_STANDARD = "gnu++14";
				CLANG_CXX_LIBRARY = "libc++";
				CLANG_ENABLE_MODULES = YES;
				CLANG_ENABLE_OBJC_ARC = YES;
				CLANG_ENABLE_OBJC_WEAK = YES;
				CLANG_WARN_BLOCK_CAPTURE_AUTORELEASING = YES;
				CLANG_WARN_BOOL_CONVERSION = YES;
				CLANG_WARN_COMMA = YES;
				CLANG_WARN_CONSTANT_CONVERSION = YES;
				CLANG_WARN_DEPRECATED_OBJC_IMPLEMENTATIONS = YES;
				CLANG_WARN_DIRECT_OBJC_ISA_USAGE = YES_ERROR;
				CLANG_WARN_DOCUMENTATION_COMMENTS = YES;
				CLANG_WARN_EMPTY_BODY = YES;
				CLANG_WARN_ENUM_CONVERSION = YES;
				CLANG_WARN_INFINITE_RECURSION = YES;
				CLANG_WARN_INT_CONVERSION = YES;
				CLANG_WARN_NON_LITERAL_NULL_CONVERSION = YES;
				CLANG_WARN_OBJC_IMPLICIT_RETAIN_SELF = YES;
				CLANG_WARN_OBJC_LITERAL_CONVERSION = YES;
				CLANG_WARN_OBJC_ROOT_CLASS = YES_ERROR;
				CLANG_WARN_RANGE_LOOP_ANALYSIS = YES;
				CLANG_WARN_STRICT_PROTOTYPES = YES;
				CLANG_WARN_SUSPICIOUS_MOVE = YES;
				CLANG_WARN_UNGUARDED_AVAILABILITY = YES_AGGRESSIVE;
				CLANG_WARN_UNREACHABLE_CODE = YES;
				CLANG_WARN__DUPLICATE_METHOD_MATCH = YES;
				CODE_SIGN_IDENTITY = "iPhone Developer";
				COPY_PHASE_STRIP = NO;
				DEBUG_INFORMATION_FORMAT = "dwarf-with-dsym";
				ENABLE_NS_ASSERTIONS = NO;
				ENABLE_STRICT_OBJC_MSGSEND = YES;
				GCC_C_LANGUAGE_STANDARD = gnu11;
				GCC_NO_COMMON_BLOCKS = YES;
				GCC_WARN_64_TO_32_BIT_CONVERSION = YES;
				GCC_WARN_ABOUT_RETURN_TYPE = YES_ERROR;
				GCC_WARN_UNDECLARED_SELECTOR = YES;
				GCC_WARN_UNINITIALIZED_AUTOS = YES_AGGRESSIVE;
				GCC_WARN_UNUSED_FUNCTION = YES;
				GCC_WARN_UNUSED_VARIABLE = YES;
				IPHONEOS_DEPLOYMENT_TARGET = 12.2;
				MTL_ENABLE_DEBUG_INFO = NO;
				MTL_FAST_MATH = YES;
				SDKROOT = iphoneos;
				SWIFT_COMPILATION_MODE = wholemodule;
				SWIFT_OPTIMIZATION_LEVEL = "-O";
				VALIDATE_PRODUCT = YES;
			};
			name = Release;
		};
		1734ABF322487F81007059F3 /* Debug */ = {
			isa = XCBuildConfiguration;
			buildSettings = {
				ASSETCATALOG_COMPILER_APPICON_NAME = AppIcon;
				CODE_SIGN_STYLE = Automatic;
				DEVELOPMENT_TEAM = 4BB235M4GL;
				INFOPLIST_FILE = TDebug/Info.plist;
				LD_RUNPATH_SEARCH_PATHS = (
					"$(inherited)",
					"@executable_path/Frameworks",
				);
				PRODUCT_BUNDLE_IDENTIFIER = Irorio.TDebug;
				PRODUCT_NAME = "$(TARGET_NAME)";
				SWIFT_VERSION = 5.0;
				TARGETED_DEVICE_FAMILY = 2;
			};
			name = Debug;
		};
		1734ABF422487F81007059F3 /* Release */ = {
			isa = XCBuildConfiguration;
			buildSettings = {
				ASSETCATALOG_COMPILER_APPICON_NAME = AppIcon;
				CODE_SIGN_STYLE = Automatic;
				DEVELOPMENT_TEAM = 4BB235M4GL;
				INFOPLIST_FILE = TDebug/Info.plist;
				LD_RUNPATH_SEARCH_PATHS = (
					"$(inherited)",
					"@executable_path/Frameworks",
				);
				PRODUCT_BUNDLE_IDENTIFIER = Irorio.TDebug;
				PRODUCT_NAME = "$(TARGET_NAME)";
				SWIFT_VERSION = 5.0;
				TARGETED_DEVICE_FAMILY = 2;
			};
			name = Release;
		};
/* End XCBuildConfiguration section */

/* Begin XCConfigurationList section */
		1734ABDB22487F80007059F3 /* Build configuration list for PBXProject "TDebug" */ = {
			isa = XCConfigurationList;
			buildConfigurations = (
				1734ABF022487F81007059F3 /* Debug */,
				1734ABF122487F81007059F3 /* Release */,
			);
			defaultConfigurationIsVisible = 0;
			defaultConfigurationName = Release;
		};
		1734ABF222487F81007059F3 /* Build configuration list for PBXNativeTarget "TDebug" */ = {
			isa = XCConfigurationList;
			buildConfigurations = (
				1734ABF322487F81007059F3 /* Debug */,
				1734ABF422487F81007059F3 /* Release */,
			);
			defaultConfigurationIsVisible = 0;
			defaultConfigurationName = Release;
		};
/* End XCConfigurationList section */
	};
	rootObject = 1734ABD822487F80007059F3 /* Project object */;
}
